// !$*UTF8*$!
{
	archiveVersion = 1;
	classes = {
	};
	objectVersion = 46;
	objects = {

/* Begin PBXBuildFile section */
		9B18229C1F1F5BAA006930B8 /* Home.storyboard in Resources */ = {isa = PBXBuildFile; fileRef = 9B18229A1F1F5BAA006930B8 /* Home.storyboard */; };
		9B18229E1F1F5CB2006930B8 /* Find.storyboard in Resources */ = {isa = PBXBuildFile; fileRef = 9B18229D1F1F5CB2006930B8 /* Find.storyboard */; };
		9B1822A11F1F5DAE006930B8 /* Me.storyboard in Resources */ = {isa = PBXBuildFile; fileRef = 9B18229F1F1F5DAE006930B8 /* Me.storyboard */; };
		9B4CCBE71F21F3A60059D20F /* Goods.swift in Sources */ = {isa = PBXBuildFile; fileRef = 9B4CCBE61F21F3A60059D20F /* Goods.swift */; };
		9B4CCBE91F21F4420059D20F /* HomeTableViewController.swift in Sources */ = {isa = PBXBuildFile; fileRef = 9B4CCBE81F21F4420059D20F /* HomeTableViewController.swift */; };
		9BB2B7411F1E109600BA5947 /* AppDelegate.swift in Sources */ = {isa = PBXBuildFile; fileRef = 9BB2B7401F1E109600BA5947 /* AppDelegate.swift */; };
		9BB2B7461F1E109600BA5947 /* Main.storyboard in Resources */ = {isa = PBXBuildFile; fileRef = 9BB2B7441F1E109600BA5947 /* Main.storyboard */; };
		9BB2B7481F1E109600BA5947 /* Assets.xcassets in Resources */ = {isa = PBXBuildFile; fileRef = 9BB2B7471F1E109600BA5947 /* Assets.xcassets */; };
		9BB2B74B1F1E109600BA5947 /* LaunchScreen.storyboard in Resources */ = {isa = PBXBuildFile; fileRef = 9BB2B7491F1E109600BA5947 /* LaunchScreen.storyboard */; };
/* End PBXBuildFile section */

/* Begin PBXFileReference section */
		9B18229B1F1F5BAA006930B8 /* Base */ = {isa = PBXFileReference; lastKnownFileType = file.storyboard; name = Base; path = Base.lproj/Home.storyboard; sourceTree = "<group>"; };
		9B18229D1F1F5CB2006930B8 /* Find.storyboard */ = {isa = PBXFileReference; fileEncoding = 4; lastKnownFileType = file.storyboard; path = Find.storyboard; sourceTree = "<group>"; };
		9B1822A01F1F5DAE006930B8 /* Base */ = {isa = PBXFileReference; lastKnownFileType = file.storyboard; name = Base; path = Base.lproj/Me.storyboard; sourceTree = "<group>"; };
		9B4CCBE61F21F3A60059D20F /* Goods.swift */ = {isa = PBXFileReference; fileEncoding = 4; lastKnownFileType = sourcecode.swift; path = Goods.swift; sourceTree = "<group>"; };
		9B4CCBE81F21F4420059D20F /* HomeTableViewController.swift */ = {isa = PBXFileReference; fileEncoding = 4; lastKnownFileType = sourcecode.swift; path = HomeTableViewController.swift; sourceTree = "<group>"; };
		9BB2B73D1F1E109600BA5947 /* AoGou.app */ = {isa = PBXFileReference; explicitFileType = wrapper.application; includeInIndex = 0; path = AoGou.app; sourceTree = BUILT_PRODUCTS_DIR; };
		9BB2B7401F1E109600BA5947 /* AppDelegate.swift */ = {isa = PBXFileReference; lastKnownFileType = sourcecode.swift; path = AppDelegate.swift; sourceTree = "<group>"; };
		9BB2B7451F1E109600BA5947 /* Base */ = {isa = PBXFileReference; lastKnownFileType = file.storyboard; name = Base; path = Base.lproj/Main.storyboard; sourceTree = "<group>"; };
		9BB2B7471F1E109600BA5947 /* Assets.xcassets */ = {isa = PBXFileReference; lastKnownFileType = folder.assetcatalog; path = Assets.xcassets; sourceTree = "<group>"; };
		9BB2B74A1F1E109600BA5947 /* Base */ = {isa = PBXFileReference; lastKnownFileType = file.storyboard; name = Base; path = Base.lproj/LaunchScreen.storyboard; sourceTree = "<group>"; };
		9BB2B74C1F1E109600BA5947 /* Info.plist */ = {isa = PBXFileReference; lastKnownFileType = text.plist.xml; path = Info.plist; sourceTree = "<group>"; };
/* End PBXFileReference section */

/* Begin PBXFrameworksBuildPhase section */
		9BB2B73A1F1E109600BA5947 /* Frameworks */ = {
			isa = PBXFrameworksBuildPhase;
			buildActionMask = 2147483647;
			files = (
			);
			runOnlyForDeploymentPostprocessing = 0;
		};
/* End PBXFrameworksBuildPhase section */

/* Begin PBXGroup section */
		9BB2B7341F1E109600BA5947 = {
			isa = PBXGroup;
			children = (
				9BB2B73F1F1E109600BA5947 /* AoGou */,
				9BB2B73E1F1E109600BA5947 /* Products */,
			);
			sourceTree = "<group>";
		};
		9BB2B73E1F1E109600BA5947 /* Products */ = {
			isa = PBXGroup;
			children = (
				9BB2B73D1F1E109600BA5947 /* AoGou.app */,
			);
			name = Products;
			sourceTree = "<group>";
		};
		9BB2B73F1F1E109600BA5947 /* AoGou */ = {
			isa = PBXGroup;
			children = (
				9BB2B7401F1E109600BA5947 /* AppDelegate.swift */,
				9BB2B7441F1E109600BA5947 /* Main.storyboard */,
				9B18229F1F1F5DAE006930B8 /* Me.storyboard */,
				9B18229D1F1F5CB2006930B8 /* Find.storyboard */,
				9B18229A1F1F5BAA006930B8 /* Home.storyboard */,
				9BB2B7471F1E109600BA5947 /* Assets.xcassets */,
				9BB2B7491F1E109600BA5947 /* LaunchScreen.storyboard */,
				9BB2B74C1F1E109600BA5947 /* Info.plist */,
				9B4CCBE61F21F3A60059D20F /* Goods.swift */,
				9B4CCBE81F21F4420059D20F /* HomeTableViewController.swift */,
			);
			path = AoGou;
			sourceTree = "<group>";
		};
/* End PBXGroup section */

/* Begin PBXNativeTarget section */
		9BB2B73C1F1E109600BA5947 /* AoGou */ = {
			isa = PBXNativeTarget;
			buildConfigurationList = 9BB2B74F1F1E109600BA5947 /* Build configuration list for PBXNativeTarget "AoGou" */;
			buildPhases = (
				9BB2B7391F1E109600BA5947 /* Sources */,
				9BB2B73A1F1E109600BA5947 /* Frameworks */,
				9BB2B73B1F1E109600BA5947 /* Resources */,
			);
			buildRules = (
			);
			dependencies = (
			);
			name = AoGou;
			productName = AoGou;
			productReference = 9BB2B73D1F1E109600BA5947 /* AoGou.app */;
			productType = "com.apple.product-type.application";
		};
/* End PBXNativeTarget section */

/* Begin PBXProject section */
		9BB2B7351F1E109600BA5947 /* Project object */ = {
			isa = PBXProject;
			attributes = {
				LastSwiftUpdateCheck = 0830;
				LastUpgradeCheck = 0830;
				ORGANIZATIONNAME = ios;
				TargetAttributes = {
					9BB2B73C1F1E109600BA5947 = {
						CreatedOnToolsVersion = 8.3.3;
						DevelopmentTeam = WAH6KVQ8QR;
						ProvisioningStyle = Automatic;
					};
				};
			};
			buildConfigurationList = 9BB2B7381F1E109600BA5947 /* Build configuration list for PBXProject "AoGou" */;
			compatibilityVersion = "Xcode 3.2";
			developmentRegion = English;
			hasScannedForEncodings = 0;
			knownRegions = (
				en,
				Base,
			);
			mainGroup = 9BB2B7341F1E109600BA5947;
			productRefGroup = 9BB2B73E1F1E109600BA5947 /* Products */;
			projectDirPath = "";
			projectRoot = "";
			targets = (
				9BB2B73C1F1E109600BA5947 /* AoGou */,
			);
		};
/* End PBXProject section */

/* Begin PBXResourcesBuildPhase section */
		9BB2B73B1F1E109600BA5947 /* Resources */ = {
			isa = PBXResourcesBuildPhase;
			buildActionMask = 2147483647;
			files = (
				9BB2B74B1F1E109600BA5947 /* LaunchScreen.storyboard in Resources */,
				9B18229E1F1F5CB2006930B8 /* Find.storyboard in Resources */,
				9B1822A11F1F5DAE006930B8 /* Me.storyboard in Resources */,
				9B18229C1F1F5BAA006930B8 /* Home.storyboard in Resources */,
				9BB2B7481F1E109600BA5947 /* Assets.xcassets in Resources */,
				9BB2B7461F1E109600BA5947 /* Main.storyboard in Resources */,
			);
			runOnlyForDeploymentPostprocessing = 0;
		};
/* End PBXResourcesBuildPhase section */

/* Begin PBXSourcesBuildPhase section */
		9BB2B7391F1E109600BA5947 /* Sources */ = {
			isa = PBXSourcesBuildPhase;
			buildActionMask = 2147483647;
			files = (
				9B4CCBE91F21F4420059D20F /* HomeTableViewController.swift in Sources */,
				9B4CCBE71F21F3A60059D20F /* Goods.swift in Sources */,
				9BB2B7411F1E109600BA5947 /* AppDelegate.swift in Sources */,
			);
			runOnlyForDeploymentPostprocessing = 0;
		};
/* End PBXSourcesBuildPhase section */

/* Begin PBXVariantGroup section */
		9B18229A1F1F5BAA006930B8 /* Home.storyboard */ = {
			isa = PBXVariantGroup;
			children = (
				9B18229B1F1F5BAA006930B8 /* Base */,
			);
			name = Home.storyboard;
			sourceTree = "<group>";
		};
		9B18229F1F1F5DAE006930B8 /* Me.storyboard */ = {
			isa = PBXVariantGroup;
			children = (
				9B1822A01F1F5DAE006930B8 /* Base */,
			);
			name = Me.storyboard;
			sourceTree = "<group>";
		};
		9BB2B7441F1E109600BA5947 /* Main.storyboard */ = {
			isa = PBXVariantGroup;
			children = (
				9BB2B7451F1E109600BA5947 /* Base */,
			);
			name = Main.storyboard;
			sourceTree = "<group>";
		};
		9BB2B7491F1E109600BA5947 /* LaunchScreen.storyboard */ = {
			isa = PBXVariantGroup;
			children = (
				9BB2B74A1F1E109600BA5947 /* Base */,
			);
			name = LaunchScreen.storyboard;
			sourceTree = "<group>";
		};
/* End PBXVariantGroup section */

/* Begin XCBuildConfiguration section */
		9BB2B74D1F1E109600BA5947 /* Debug */ = {
			isa = XCBuildConfiguration;
			buildSettings = {
				ALWAYS_SEARCH_USER_PATHS = NO;
				CLANG_ANALYZER_NONNULL = YES;
				CLANG_ANALYZER_NUMBER_OBJECT_CONVERSION = YES_AGGRESSIVE;
				CLANG_CXX_LANGUAGE_STANDARD = "gnu++0x";
				CLANG_CXX_LIBRARY = "libc++";
				CLANG_ENABLE_MODULES = YES;
				CLANG_ENABLE_OBJC_ARC = YES;
				CLANG_WARN_BOOL_CONVERSION = YES;
				CLANG_WARN_CONSTANT_CONVERSION = YES;
				CLANG_WARN_DIRECT_OBJC_ISA_USAGE = YES_ERROR;
				CLANG_WARN_DOCUMENTATION_COMMENTS = YES;
				CLANG_WARN_EMPTY_BODY = YES;
				CLANG_WARN_ENUM_CONVERSION = YES;
				CLANG_WARN_INFINITE_RECURSION = YES;
				CLANG_WARN_INT_CONVERSION = YES;
				CLANG_WARN_OBJC_ROOT_CLASS = YES_ERROR;
				CLANG_WARN_SUSPICIOUS_MOVE = YES;
				CLANG_WARN_UNREACHABLE_CODE = YES;
				CLANG_WARN__DUPLICATE_METHOD_MATCH = YES;
				"CODE_SIGN_IDENTITY[sdk=iphoneos*]" = "iPhone Developer";
				COPY_PHASE_STRIP = NO;
				DEBUG_INFORMATION_FORMAT = dwarf;
				ENABLE_STRICT_OBJC_MSGSEND = YES;
				ENABLE_TESTABILITY = YES;
				GCC_C_LANGUAGE_STANDARD = gnu99;
				GCC_DYNAMIC_NO_PIC = NO;
				GCC_NO_COMMON_BLOCKS = YES;
				GCC_OPTIMIZATION_LEVEL = 0;
				GCC_PREPROCESSOR_DEFINITIONS = (
					"DEBUG=1",
					"$(inherited)",
				);
				GCC_WARN_64_TO_32_BIT_CONVERSION = YES;
				GCC_WARN_ABOUT_RETURN_TYPE = YES_ERROR;
				GCC_WARN_UNDECLARED_SELECTOR = YES;
				GCC_WARN_UNINITIALIZED_AUTOS = YES_AGGRESSIVE;
				GCC_WARN_UNUSED_FUNCTION = YES;
				GCC_WARN_UNUSED_VARIABLE = YES;
				IPHONEOS_DEPLOYMENT_TARGET = 10.3;
				MTL_ENABLE_DEBUG_INFO = YES;
				ONLY_ACTIVE_ARCH = YES;
				SDKROOT = iphoneos;
				SWIFT_ACTIVE_COMPILATION_CONDITIONS = DEBUG;
				SWIFT_OPTIMIZATION_LEVEL = "-Onone";
			};
			name = Debug;
		};
		9BB2B74E1F1E109600BA5947 /* Release */ = {
			isa = XCBuildConfiguration;
			buildSettings = {
				ALWAYS_SEARCH_USER_PATHS = NO;
				CLANG_ANALYZER_NONNULL = YES;
				CLANG_ANALYZER_NUMBER_OBJECT_CONVERSION = YES_AGGRESSIVE;
				CLANG_CXX_LANGUAGE_STANDARD = "gnu++0x";
				CLANG_CXX_LIBRARY = "libc++";
				CLANG_ENABLE_MODULES = YES;
				CLANG_ENABLE_OBJC_ARC = YES;
				CLANG_WARN_BOOL_CONVERSION = YES;
				CLANG_WARN_CONSTANT_CONVERSION = YES;
				CLANG_WARN_DIRECT_OBJC_ISA_USAGE = YES_ERROR;
				CLANG_WARN_DOCUMENTATION_COMMENTS = YES;
				CLANG_WARN_EMPTY_BODY = YES;
				CLANG_WARN_ENUM_CONVERSION = YES;
				CLANG_WARN_INFINITE_RECURSION = YES;
				CLANG_WARN_INT_CONVERSION = YES;
				CLANG_WARN_OBJC_ROOT_CLASS = YES_ERROR;
				CLANG_WARN_SUSPICIOUS_MOVE = YES;
				CLANG_WARN_UNREACHABLE_CODE = YES;
				CLANG_WARN__DUPLICATE_METHOD_MATCH = YES;
				"CODE_SIGN_IDENTITY[sdk=iphoneos*]" = "iPhone Developer";
				COPY_PHASE_STRIP = NO;
				DEBUG_INFORMATION_FORMAT = "dwarf-with-dsym";
				ENABLE_NS_ASSERTIONS = NO;
				ENABLE_STRICT_OBJC_MSGSEND = YES;
				GCC_C_LANGUAGE_STANDARD = gnu99;
				GCC_NO_COMMON_BLOCKS = YES;
				GCC_WARN_64_TO_32_BIT_CONVERSION = YES;
				GCC_WARN_ABOUT_RETURN_TYPE = YES_ERROR;
				GCC_WARN_UNDECLARED_SELECTOR = YES;
				GCC_WARN_UNINITIALIZED_AUTOS = YES_AGGRESSIVE;
				GCC_WARN_UNUSED_FUNCTION = YES;
				GCC_WARN_UNUSED_VARIABLE = YES;
				IPHONEOS_DEPLOYMENT_TARGET = 10.3;
				MTL_ENABLE_DEBUG_INFO = NO;
				SDKROOT = iphoneos;
				SWIFT_OPTIMIZATION_LEVEL = "-Owholemodule";
				VALIDATE_PRODUCT = YES;
			};
			name = Release;
		};
		9BB2B7501F1E109600BA5947 /* Debug */ = {
			isa = XCBuildConfiguration;
			buildSettings = {
				ASSETCATALOG_COMPILER_APPICON_NAME = AppIcon;
				DEVELOPMENT_TEAM = WAH6KVQ8QR;
				INFOPLIST_FILE = AoGou/Info.plist;
				LD_RUNPATH_SEARCH_PATHS = "$(inherited) @executable_path/Frameworks";
				PRODUCT_BUNDLE_IDENTIFIER = com.ios.AoGou;
				PRODUCT_NAME = "$(TARGET_NAME)";
				SWIFT_VERSION = 3.0;
			};
			name = Debug;
		};
		9BB2B7511F1E109600BA5947 /* Release */ = {
			isa = XCBuildConfiguration;
			buildSettings = {
				ASSETCATALOG_COMPILER_APPICON_NAME = AppIcon;
				DEVELOPMENT_TEAM = WAH6KVQ8QR;
				INFOPLIST_FILE = AoGou/Info.plist;
				LD_RUNPATH_SEARCH_PATHS = "$(inherited) @executable_path/Frameworks";
				PRODUCT_BUNDLE_IDENTIFIER = com.ios.AoGou;
				PRODUCT_NAME = "$(TARGET_NAME)";
				SWIFT_VERSION = 3.0;
			};
			name = Release;
		};
/* End XCBuildConfiguration section */

/* Begin XCConfigurationList section */
		9BB2B7381F1E109600BA5947 /* Build configuration list for PBXProject "AoGou" */ = {
			isa = XCConfigurationList;
			buildConfigurations = (
				9BB2B74D1F1E109600BA5947 /* Debug */,
				9BB2B74E1F1E109600BA5947 /* Release */,
			);
			defaultConfigurationIsVisible = 0;
			defaultConfigurationName = Release;
		};
		9BB2B74F1F1E109600BA5947 /* Build configuration list for PBXNativeTarget "AoGou" */ = {
			isa = XCConfigurationList;
			buildConfigurations = (
				9BB2B7501F1E109600BA5947 /* Debug */,
				9BB2B7511F1E109600BA5947 /* Release */,
			);
			defaultConfigurationIsVisible = 0;
			defaultConfigurationName = Release;
		};
/* End XCConfigurationList section */
	};
	rootObject = 9BB2B7351F1E109600BA5947 /* Project object */;
}
